
Microsoft Visual Studio Solution File, Format Version 12.00
# Visual Studio Version 17
VisualStudioVersion = 17.3.32825.248
MinimumVisualStudioVersion = 10.0.40219.1
Project("{FAE04EC0-301F-11D3-BF4B-00C04F79EFBC}") = "Bol1_Ej7b", "Bol1_Ej7b\Bol1_Ej7b.csproj", "{E69AAB72-E3F1-4C93-BE28-64E823082307}"
EndProject
Global
	GlobalSection(SolutionConfigurationPlatforms) = preSolution
		Debug|Any CPU = Debug|Any CPU
		Release|Any CPU = Release|Any CPU
	EndGlobalSection
	GlobalSection(ProjectConfigurationPlatforms) = postSolution
		{E69AAB72-E3F1-4C93-BE28-64E823082307}.Debug|Any CPU.ActiveCfg = Debug|Any CPU
		{E69AAB72-E3F1-4C93-BE28-64E823082307}.Debug|Any CPU.Build.0 = Debug|Any CPU
		{E69AAB72-E3F1-4C93-BE28-64E823082307}.Release|Any CPU.ActiveCfg = Release|Any CPU
		{E69AAB72-E3F1-4C93-BE28-64E823082307}.Release|Any CPU.Build.0 = Release|Any CPU
	EndGlobalSection
	GlobalSection(SolutionProperties) = preSolution
		HideSolutionNode = FALSE
	EndGlobalSection
	GlobalSection(ExtensibilityGlobals) = postSolution
		SolutionGuid = {3C7B5062-206A-4562-B4FF-07F7D6CB60FB}
	EndGlobalSection
EndGlobal
